{
  "name": "@oat-sa/tao-testqti",
  "version": "0.4.2",
  "lockfileVersion": 1,
  "requires": true,
  "dependencies": {
    "@oat-sa/tao-test-runner": {
      "version": "github:oat-sa/tao-test-runner-fe#c7e853f0e798fef1265c73dba0fa21573376a60f",
      "from": "github:oat-sa/tao-test-runner-fe#feat/TR-2992_update-select2"
    },
    "@oat-sa/tao-test-runner-qti": {
      "version": "github:oat-sa/tao-test-runner-qti-fe#ec7c88d27e3b1c863a3aee81cb98e80f917dca14",
      "from": "github:oat-sa/tao-test-runner-qti-fe#feat/TR-2992_update-select2"
    }
  }
}
