{
  "name": "@oat-sa/tao-testqti",
  "version": "1.0.0",
  "lockfileVersion": 3,
  "requires": true,
  "packages": {
    "": {
      "name": "@oat-sa/tao-testqti",
      "version": "1.0.0",
      "license": "GPL-2.0",
      "dependencies": {
        "@oat-sa/tao-test-runner": "oat-sa/tao-test-runner-fe#breaking/TDR-9/handlebars-4-upgrade",
        "@oat-sa/tao-test-runner-qti": "oat-sa/tao-test-runner-qti-fe#breaking/TDR-9/handlebars-4-upgrade"
      }
    },
    "node_modules/@oat-sa/tao-test-runner": {
      "version": "0.9.1",
      "resolved": "git+ssh://git@github.com/oat-sa/tao-test-runner-fe.git#6d3b68611943e4dc1614767b82ea064115de66c4",
      "license": "GPL-2.0",
      "engines": {
        "node": ">=14.0.0"
      }
    },
    "node_modules/@oat-sa/tao-test-runner-qti": {
      "version": "3.0.0",
      "resolved": "git+ssh://git@github.com/oat-sa/tao-test-runner-qti-fe.git#cfc8f87095934362c5c38c74237653aab6c06c0f",
      "license": "GPL-2.0",
      "engines": {
        "node": ">=14.0.0"
      }
    }
  }
}
