{
  "name": "@oat-sa/tao-testqti",
  "version": "0.2.0",
  "lockfileVersion": 1,
  "requires": true,
  "dependencies": {
    "@oat-sa/tao-test-runner": {
      "version": "github:oat-sa/tao-test-runner-fe#8620618eb0de89310b0a60850eadfe4f355043c8",
      "from": "github:oat-sa/tao-test-runner-fe#breaking/TDR-10/upgrade-jquery-handlebars"
    },
    "@oat-sa/tao-test-runner-qti": {
      "version": "github:oat-sa/tao-test-runner-qti-fe#36c58b25d8f846eb348b073797cb739717b82db2",
      "from": "github:oat-sa/tao-test-runner-qti-fe#breaking/TDR-10/upgrade-jquery-handlebars"
    }
  }
}
